
Microsoft Visual Studio Solution File, Format Version 12.00
# Visual Studio Version 16
VisualStudioVersion = 16.0.31702.278
MinimumVisualStudioVersion = 10.0.40219.1
Project("{FAE04EC0-301F-11D3-BF4B-00C04F79EFBC}") = "Test_Program2", "Test_Program2.csproj", "{D32D0F0B-DD31-4CDE-8E3F-B33B51C70E4C}"
EndProject
Global
	GlobalSection(SolutionConfigurationPlatforms) = preSolution
		Debug|Any CPU = Debug|Any CPU
		Release|Any CPU = Release|Any CPU
	EndGlobalSection
	GlobalSection(ProjectConfigurationPlatforms) = postSolution
		{D32D0F0B-DD31-4CDE-8E3F-B33B51C70E4C}.Debug|Any CPU.ActiveCfg = Debug|Any CPU
		{D32D0F0B-DD31-4CDE-8E3F-B33B51C70E4C}.Debug|Any CPU.Build.0 = Debug|Any CPU
		{D32D0F0B-DD31-4CDE-8E3F-B33B51C70E4C}.Release|Any CPU.ActiveCfg = Release|Any CPU
		{D32D0F0B-DD31-4CDE-8E3F-B33B51C70E4C}.Release|Any CPU.Build.0 = Release|Any CPU
	EndGlobalSection
	GlobalSection(SolutionProperties) = preSolution
		HideSolutionNode = FALSE
	EndGlobalSection
	GlobalSection(ExtensibilityGlobals) = postSolution
		SolutionGuid = {9CDE89CF-1845-4C42-AB55-D96FD8496590}
	EndGlobalSection
EndGlobal
